
Microsoft Visual Studio Solution File, Format Version 12.00
# Visual Studio Version 16
VisualStudioVersion = 16.0.30804.86
MinimumVisualStudioVersion = 10.0.40219.1
Project("{9A19103F-16F7-4668-BE54-9A1E7A4F7556}") = "dotnet.Test", "src\Tests\dotnet.Test\dotnet.Test.csproj", "{DB55E7BA-F029-4496-BD3E-E4ED7222F6F7}"
EndProject
Project("{2150E333-8FDC-42A3-9474-1A3956D46DE8}") = "Solution Items", "Solution Items", "{1FFDDDD9-8170-498B-9482-76FD7747B37E}"
	ProjectSection(SolutionItems) = preProject
		.filenesting.json = .filenesting.json
	EndProjectSection
EndProject
Project("{FAE04EC0-301F-11D3-BF4B-00C04F79EFBC}") = "dotnet.ConsoleTest", "src\Tests\dotnet.Console.Test\dotnet.ConsoleTest.csproj", "{C05A4219-AEE6-4B35-B064-CA076AFDE371}"
EndProject
Global
	GlobalSection(SolutionConfigurationPlatforms) = preSolution
		Debug|Any CPU = Debug|Any CPU
		Release|Any CPU = Release|Any CPU
	EndGlobalSection
	GlobalSection(ProjectConfigurationPlatforms) = postSolution
		{DB55E7BA-F029-4496-BD3E-E4ED7222F6F7}.Debug|Any CPU.ActiveCfg = Debug|Any CPU
		{DB55E7BA-F029-4496-BD3E-E4ED7222F6F7}.Debug|Any CPU.Build.0 = Debug|Any CPU
		{DB55E7BA-F029-4496-BD3E-E4ED7222F6F7}.Release|Any CPU.ActiveCfg = Release|Any CPU
		{DB55E7BA-F029-4496-BD3E-E4ED7222F6F7}.Release|Any CPU.Build.0 = Release|Any CPU
		{C05A4219-AEE6-4B35-B064-CA076AFDE371}.Debug|Any CPU.ActiveCfg = Debug|Any CPU
		{C05A4219-AEE6-4B35-B064-CA076AFDE371}.Debug|Any CPU.Build.0 = Debug|Any CPU
		{C05A4219-AEE6-4B35-B064-CA076AFDE371}.Release|Any CPU.ActiveCfg = Release|Any CPU
		{C05A4219-AEE6-4B35-B064-CA076AFDE371}.Release|Any CPU.Build.0 = Release|Any CPU
	EndGlobalSection
	GlobalSection(SolutionProperties) = preSolution
		HideSolutionNode = FALSE
	EndGlobalSection
	GlobalSection(ExtensibilityGlobals) = postSolution
		SolutionGuid = {4EDC0561-7252-4F56-9FEB-48F20DD5ADDD}
	EndGlobalSection
EndGlobal
